// !$*UTF8*$!
{
	archiveVersion = 1;
	classes = {
	};
	objectVersion = 50;
	objects = {

/* Begin PBXBuildFile section */
		B774B9A82345D4F400B3F0DB /* AppDelegate.swift in Sources */ = {isa = PBXBuildFile; fileRef = B774B9A72345D4F400B3F0DB /* AppDelegate.swift */; };
		B774B9AA2345D4F400B3F0DB /* SceneDelegate.swift in Sources */ = {isa = PBXBuildFile; fileRef = B774B9A92345D4F400B3F0DB /* SceneDelegate.swift */; };
		B774B9AC2345D4F400B3F0DB /* ViewController.swift in Sources */ = {isa = PBXBuildFile; fileRef = B774B9AB2345D4F400B3F0DB /* ViewController.swift */; };
		B774B9AF2345D4F400B3F0DB /* Main.storyboard in Resources */ = {isa = PBXBuildFile; fileRef = B774B9AD2345D4F400B3F0DB /* Main.storyboard */; };
		B774B9B12345D4F600B3F0DB /* Assets.xcassets in Resources */ = {isa = PBXBuildFile; fileRef = B774B9B02345D4F600B3F0DB /* Assets.xcassets */; };
		B774B9B42345D4F600B3F0DB /* LaunchScreen.storyboard in Resources */ = {isa = PBXBuildFile; fileRef = B774B9B22345D4F600B3F0DB /* LaunchScreen.storyboard */; };
/* End PBXBuildFile section */

/* Begin PBXFileReference section */
		B774B9A42345D4F400B3F0DB /* backgroundForSwitch.app */ = {isa = PBXFileReference; explicitFileType = wrapper.application; includeInIndex = 0; path = backgroundForSwitch.app; sourceTree = BUILT_PRODUCTS_DIR; };
		B774B9A72345D4F400B3F0DB /* AppDelegate.swift */ = {isa = PBXFileReference; lastKnownFileType = sourcecode.swift; path = AppDelegate.swift; sourceTree = "<group>"; };
		B774B9A92345D4F400B3F0DB /* SceneDelegate.swift */ = {isa = PBXFileReference; lastKnownFileType = sourcecode.swift; path = SceneDelegate.swift; sourceTree = "<group>"; };
		B774B9AB2345D4F400B3F0DB /* ViewController.swift */ = {isa = PBXFileReference; lastKnownFileType = sourcecode.swift; path = ViewController.swift; sourceTree = "<group>"; };
		B774B9AE2345D4F400B3F0DB /* Base */ = {isa = PBXFileReference; lastKnownFileType = file.storyboard; name = Base; path = Base.lproj/Main.storyboard; sourceTree = "<group>"; };
		B774B9B02345D4F600B3F0DB /* Assets.xcassets */ = {isa = PBXFileReference; lastKnownFileType = folder.assetcatalog; path = Assets.xcassets; sourceTree = "<group>"; };
		B774B9B32345D4F600B3F0DB /* Base */ = {isa = PBXFileReference; lastKnownFileType = file.storyboard; name = Base; path = Base.lproj/LaunchScreen.storyboard; sourceTree = "<group>"; };
		B774B9B52345D4F600B3F0DB /* Info.plist */ = {isa = PBXFileReference; lastKnownFileType = text.plist.xml; path = Info.plist; sourceTree = "<group>"; };
/* End PBXFileReference section */

/* Begin PBXFrameworksBuildPhase section */
		B774B9A12345D4F400B3F0DB /* Frameworks */ = {
			isa = PBXFrameworksBuildPhase;
			buildActionMask = 2147483647;
			files = (
			);
			runOnlyForDeploymentPostprocessing = 0;
		};
/* End PBXFrameworksBuildPhase section */

/* Begin PBXGroup section */
		B774B99B2345D4F300B3F0DB = {
			isa = PBXGroup;
			children = (
				B774B9A62345D4F400B3F0DB /* backgroundForSwitch */,
				B774B9A52345D4F400B3F0DB /* Products */,
			);
			sourceTree = "<group>";
		};
		B774B9A52345D4F400B3F0DB /* Products */ = {
			isa = PBXGroup;
			children = (
				B774B9A42345D4F400B3F0DB /* backgroundForSwitch.app */,
			);
			name = Products;
			sourceTree = "<group>";
		};
		B774B9A62345D4F400B3F0DB /* backgroundForSwitch */ = {
			isa = PBXGroup;
			children = (
				B774B9A72345D4F400B3F0DB /* AppDelegate.swift */,
				B774B9A92345D4F400B3F0DB /* SceneDelegate.swift */,
				B774B9AB2345D4F400B3F0DB /* ViewController.swift */,
				B774B9AD2345D4F400B3F0DB /* Main.storyboard */,
				B774B9B02345D4F600B3F0DB /* Assets.xcassets */,
				B774B9B22345D4F600B3F0DB /* LaunchScreen.storyboard */,
				B774B9B52345D4F600B3F0DB /* Info.plist */,
			);
			path = backgroundForSwitch;
			sourceTree = "<group>";
		};
/* End PBXGroup section */

/* Begin PBXNativeTarget section */
		B774B9A32345D4F400B3F0DB /* backgroundForSwitch */ = {
			isa = PBXNativeTarget;
			buildConfigurationList = B774B9B82345D4F600B3F0DB /* Build configuration list for PBXNativeTarget "backgroundForSwitch" */;
			buildPhases = (
				B774B9A02345D4F400B3F0DB /* Sources */,
				B774B9A12345D4F400B3F0DB /* Frameworks */,
				B774B9A22345D4F400B3F0DB /* Resources */,
			);
			buildRules = (
			);
			dependencies = (
			);
			name = backgroundForSwitch;
			productName = backgroundForSwitch;
			productReference = B774B9A42345D4F400B3F0DB /* backgroundForSwitch.app */;
			productType = "com.apple.product-type.application";
		};
/* End PBXNativeTarget section */

/* Begin PBXProject section */
		B774B99C2345D4F300B3F0DB /* Project object */ = {
			isa = PBXProject;
			attributes = {
				LastSwiftUpdateCheck = 1100;
				LastUpgradeCheck = 1100;
				ORGANIZATIONNAME = "Sasha Myshkina";
				TargetAttributes = {
					B774B9A32345D4F400B3F0DB = {
						CreatedOnToolsVersion = 11.0;
					};
				};
			};
			buildConfigurationList = B774B99F2345D4F300B3F0DB /* Build configuration list for PBXProject "backgroundForSwitch" */;
			compatibilityVersion = "Xcode 9.3";
			developmentRegion = en;
			hasScannedForEncodings = 0;
			knownRegions = (
				en,
				Base,
			);
			mainGroup = B774B99B2345D4F300B3F0DB;
			productRefGroup = B774B9A52345D4F400B3F0DB /* Products */;
			projectDirPath = "";
			projectRoot = "";
			targets = (
				B774B9A32345D4F400B3F0DB /* backgroundForSwitch */,
			);
		};
/* End PBXProject section */

/* Begin PBXResourcesBuildPhase section */
		B774B9A22345D4F400B3F0DB /* Resources */ = {
			isa = PBXResourcesBuildPhase;
			buildActionMask = 2147483647;
			files = (
				B774B9B42345D4F600B3F0DB /* LaunchScreen.storyboard in Resources */,
				B774B9B12345D4F600B3F0DB /* Assets.xcassets in Resources */,
				B774B9AF2345D4F400B3F0DB /* Main.storyboard in Resources */,
			);
			runOnlyForDeploymentPostprocessing = 0;
		};
/* End PBXResourcesBuildPhase section */

/* Begin PBXSourcesBuildPhase section */
		B774B9A02345D4F400B3F0DB /* Sources */ = {
			isa = PBXSourcesBuildPhase;
			buildActionMask = 2147483647;
			files = (
				B774B9AC2345D4F400B3F0DB /* ViewController.swift in Sources */,
				B774B9A82345D4F400B3F0DB /* AppDelegate.swift in Sources */,
				B774B9AA2345D4F400B3F0DB /* SceneDelegate.swift in Sources */,
			);
			runOnlyForDeploymentPostprocessing = 0;
		};
/* End PBXSourcesBuildPhase section */

/* Begin PBXVariantGroup section */
		B774B9AD2345D4F400B3F0DB /* Main.storyboard */ = {
			isa = PBXVariantGroup;
			children = (
				B774B9AE2345D4F400B3F0DB /* Base */,
			);
			name = Main.storyboard;
			sourceTree = "<group>";
		};
		B774B9B22345D4F600B3F0DB /* LaunchScreen.storyboard */ = {
			isa = PBXVariantGroup;
			children = (
				B774B9B32345D4F600B3F0DB /* Base */,
			);
			name = LaunchScreen.storyboard;
			sourceTree = "<group>";
		};
/* End PBXVariantGroup section */

/* Begin XCBuildConfiguration section */
		B774B9B62345D4F600B3F0DB /* Debug */ = {
			isa = XCBuildConfiguration;
			buildSettings = {
				ALWAYS_SEARCH_USER_PATHS = NO;
				CLANG_ANALYZER_NONNULL = YES;
				CLANG_ANALYZER_NUMBER_OBJECT_CONVERSION = YES_AGGRESSIVE;
				CLANG_CXX_LANGUAGE_STANDARD = "gnu++14";
				CLANG_CXX_LIBRARY = "libc++";
				CLANG_ENABLE_MODULES = YES;
				CLANG_ENABLE_OBJC_ARC = YES;
				CLANG_ENABLE_OBJC_WEAK = YES;
				CLANG_WARN_BLOCK_CAPTURE_AUTORELEASING = YES;
				CLANG_WARN_BOOL_CONVERSION = YES;
				CLANG_WARN_COMMA = YES;
				CLANG_WARN_CONSTANT_CONVERSION = YES;
				CLANG_WARN_DEPRECATED_OBJC_IMPLEMENTATIONS = YES;
				CLANG_WARN_DIRECT_OBJC_ISA_USAGE = YES_ERROR;
				CLANG_WARN_DOCUMENTATION_COMMENTS = YES;
				CLANG_WARN_EMPTY_BODY = YES;
				CLANG_WARN_ENUM_CONVERSION = YES;
				CLANG_WARN_INFINITE_RECURSION = YES;
				CLANG_WARN_INT_CONVERSION = YES;
				CLANG_WARN_NON_LITERAL_NULL_CONVERSION = YES;
				CLANG_WARN_OBJC_IMPLICIT_RETAIN_SELF = YES;
				CLANG_WARN_OBJC_LITERAL_CONVERSION = YES;
				CLANG_WARN_OBJC_ROOT_CLASS = YES_ERROR;
				CLANG_WARN_RANGE_LOOP_ANALYSIS = YES;
				CLANG_WARN_STRICT_PROTOTYPES = YES;
				CLANG_WARN_SUSPICIOUS_MOVE = YES;
				CLANG_WARN_UNGUARDED_AVAILABILITY = YES_AGGRESSIVE;
				CLANG_WARN_UNREACHABLE_CODE = YES;
				CLANG_WARN__DUPLICATE_METHOD_MATCH = YES;
				COPY_PHASE_STRIP = NO;
				DEBUG_INFORMATION_FORMAT = dwarf;
				ENABLE_STRICT_OBJC_MSGSEND = YES;
				ENABLE_TESTABILITY = YES;
				GCC_C_LANGUAGE_STANDARD = gnu11;
				GCC_DYNAMIC_NO_PIC = NO;
				GCC_NO_COMMON_BLOCKS = YES;
				GCC_OPTIMIZATION_LEVEL = 0;
				GCC_PREPROCESSOR_DEFINITIONS = (
					"DEBUG=1",
					"$(inherited)",
				);
				GCC_WARN_64_TO_32_BIT_CONVERSION = YES;
				GCC_WARN_ABOUT_RETURN_TYPE = YES_ERROR;
				GCC_WARN_UNDECLARED_SELECTOR = YES;
				GCC_WARN_UNINITIALIZED_AUTOS = YES_AGGRESSIVE;
				GCC_WARN_UNUSED_FUNCTION = YES;
				GCC_WARN_UNUSED_VARIABLE = YES;
				IPHONEOS_DEPLOYMENT_TARGET = 13.0;
				MTL_ENABLE_DEBUG_INFO = INCLUDE_SOURCE;
				MTL_FAST_MATH = YES;
				ONLY_ACTIVE_ARCH = YES;
				SDKROOT = iphoneos;
				SWIFT_ACTIVE_COMPILATION_CONDITIONS = DEBUG;
				SWIFT_OPTIMIZATION_LEVEL = "-Onone";
			};
			name = Debug;
		};
		B774B9B72345D4F600B3F0DB /* Release */ = {
			isa = XCBuildConfiguration;
			buildSettings = {
				ALWAYS_SEARCH_USER_PATHS = NO;
				CLANG_ANALYZER_NONNULL = YES;
				CLANG_ANALYZER_NUMBER_OBJECT_CONVERSION = YES_AGGRESSIVE;
				CLANG_CXX_LANGUAGE_STANDARD = "gnu++14";
				CLANG_CXX_LIBRARY = "libc++";
				CLANG_ENABLE_MODULES = YES;
				CLANG_ENABLE_OBJC_ARC = YES;
				CLANG_ENABLE_OBJC_WEAK = YES;
				CLANG_WARN_BLOCK_CAPTURE_AUTORELEASING = YES;
				CLANG_WARN_BOOL_CONVERSION = YES;
				CLANG_WARN_COMMA = YES;
				CLANG_WARN_CONSTANT_CONVERSION = YES;
				CLANG_WARN_DEPRECATED_OBJC_IMPLEMENTATIONS = YES;
				CLANG_WARN_DIRECT_OBJC_ISA_USAGE = YES_ERROR;
				CLANG_WARN_DOCUMENTATION_COMMENTS = YES;
				CLANG_WARN_EMPTY_BODY = YES;
				CLANG_WARN_ENUM_CONVERSION = YES;
				CLANG_WARN_INFINITE_RECURSION = YES;
				CLANG_WARN_INT_CONVERSION = YES;
				CLANG_WARN_NON_LITERAL_NULL_CONVERSION = YES;
				CLANG_WARN_OBJC_IMPLICIT_RETAIN_SELF = YES;
				CLANG_WARN_OBJC_LITERAL_CONVERSION = YES;
				CLANG_WARN_OBJC_ROOT_CLASS = YES_ERROR;
				CLANG_WARN_RANGE_LOOP_ANALYSIS = YES;
				CLANG_WARN_STRICT_PROTOTYPES = YES;
				CLANG_WARN_SUSPICIOUS_MOVE = YES;
				CLANG_WARN_UNGUARDED_AVAILABILITY = YES_AGGRESSIVE;
				CLANG_WARN_UNREACHABLE_CODE = YES;
				CLANG_WARN__DUPLICATE_METHOD_MATCH = YES;
				COPY_PHASE_STRIP = NO;
				DEBUG_INFORMATION_FORMAT = "dwarf-with-dsym";
				ENABLE_NS_ASSERTIONS = NO;
				ENABLE_STRICT_OBJC_MSGSEND = YES;
				GCC_C_LANGUAGE_STANDARD = gnu11;
				GCC_NO_COMMON_BLOCKS = YES;
				GCC_WARN_64_TO_32_BIT_CONVERSION = YES;
				GCC_WARN_ABOUT_RETURN_TYPE = YES_ERROR;
				GCC_WARN_UNDECLARED_SELECTOR = YES;
				GCC_WARN_UNINITIALIZED_AUTOS = YES_AGGRESSIVE;
				GCC_WARN_UNUSED_FUNCTION = YES;
				GCC_WARN_UNUSED_VARIABLE = YES;
				IPHONEOS_DEPLOYMENT_TARGET = 13.0;
				MTL_ENABLE_DEBUG_INFO = NO;
				MTL_FAST_MATH = YES;
				SDKROOT = iphoneos;
				SWIFT_COMPILATION_MODE = wholemodule;
				SWIFT_OPTIMIZATION_LEVEL = "-O";
				VALIDATE_PRODUCT = YES;
			};
			name = Release;
		};
		B774B9B92345D4F600B3F0DB /* Debug */ = {
			isa = XCBuildConfiguration;
			buildSettings = {
				ASSETCATALOG_COMPILER_APPICON_NAME = AppIcon;
				CODE_SIGN_STYLE = Automatic;
				DEVELOPMENT_TEAM = 3BLD8S6NZS;
				INFOPLIST_FILE = backgroundForSwitch/Info.plist;
				LD_RUNPATH_SEARCH_PATHS = (
					"$(inherited)",
					"@executable_path/Frameworks",
				);
				PRODUCT_BUNDLE_IDENTIFIER = com.myshkina.backgroundForSwitch;
				PRODUCT_NAME = "$(TARGET_NAME)";
				SWIFT_VERSION = 5.0;
				TARGETED_DEVICE_FAMILY = "1,2";
			};
			name = Debug;
		};
		B774B9BA2345D4F600B3F0DB /* Release */ = {
			isa = XCBuildConfiguration;
			buildSettings = {
				ASSETCATALOG_COMPILER_APPICON_NAME = AppIcon;
				CODE_SIGN_STYLE = Automatic;
				DEVELOPMENT_TEAM = 3BLD8S6NZS;
				INFOPLIST_FILE = backgroundForSwitch/Info.plist;
				LD_RUNPATH_SEARCH_PATHS = (
					"$(inherited)",
					"@executable_path/Frameworks",
				);
				PRODUCT_BUNDLE_IDENTIFIER = com.myshkina.backgroundForSwitch;
				PRODUCT_NAME = "$(TARGET_NAME)";
				SWIFT_VERSION = 5.0;
				TARGETED_DEVICE_FAMILY = "1,2";
			};
			name = Release;
		};
/* End XCBuildConfiguration section */

/* Begin XCConfigurationList section */
		B774B99F2345D4F300B3F0DB /* Build configuration list for PBXProject "backgroundForSwitch" */ = {
			isa = XCConfigurationList;
			buildConfigurations = (
				B774B9B62345D4F600B3F0DB /* Debug */,
				B774B9B72345D4F600B3F0DB /* Release */,
			);
			defaultConfigurationIsVisible = 0;
			defaultConfigurationName = Release;
		};
		B774B9B82345D4F600B3F0DB /* Build configuration list for PBXNativeTarget "backgroundForSwitch" */ = {
			isa = XCConfigurationList;
			buildConfigurations = (
				B774B9B92345D4F600B3F0DB /* Debug */,
				B774B9BA2345D4F600B3F0DB /* Release */,
			);
			defaultConfigurationIsVisible = 0;
			defaultConfigurationName = Release;
		};
/* End XCConfigurationList section */
	};
	rootObject = B774B99C2345D4F300B3F0DB /* Project object */;
}
